
Microsoft Visual Studio Solution File, Format Version 12.00
# Visual Studio Version 17
VisualStudioVersion = 17.9.34622.214
MinimumVisualStudioVersion = 10.0.40219.1
Project("{FAE04EC0-301F-11D3-BF4B-00C04F79EFBC}") = "ExtraLandscapingTools", "ExtraLandscapingTools.csproj", "{D64257F5-53EE-4179-B461-94CAE4C09B88}"
EndProject
Global
	GlobalSection(SolutionConfigurationPlatforms) = preSolution
		Debug|Any CPU = Debug|Any CPU
		Release|Any CPU = Release|Any CPU
	EndGlobalSection
	GlobalSection(ProjectConfigurationPlatforms) = postSolution
		{D64257F5-53EE-4179-B461-94CAE4C09B88}.Debug|Any CPU.ActiveCfg = Debug|Any CPU
		{D64257F5-53EE-4179-B461-94CAE4C09B88}.Debug|Any CPU.Build.0 = Debug|Any CPU
		{D64257F5-53EE-4179-B461-94CAE4C09B88}.Release|Any CPU.ActiveCfg = Release|Any CPU
		{D64257F5-53EE-4179-B461-94CAE4C09B88}.Release|Any CPU.Build.0 = Release|Any CPU
	EndGlobalSection
	GlobalSection(SolutionProperties) = preSolution
		HideSolutionNode = FALSE
	EndGlobalSection
	GlobalSection(ExtensibilityGlobals) = postSolution
		SolutionGuid = {74A2DF1A-2109-43D2-8B37-C99C8E3CC688}
	EndGlobalSection
EndGlobal
